
Microsoft Visual Studio Solution File, Format Version 12.00
# Visual Studio Version 17
VisualStudioVersion = 17.3.32929.385
MinimumVisualStudioVersion = 10.0.40219.1
Project("{FAE04EC0-301F-11D3-BF4B-00C04F79EFBC}") = "CryptionServer", "CryptionServer\CryptionServer.csproj", "{B0B9412E-2DF5-433F-89FA-7879F324476C}"
EndProject
Project("{FAE04EC0-301F-11D3-BF4B-00C04F79EFBC}") = "CryptionClient", "CryptionClient\CryptionClient.csproj", "{279F1F11-0C9E-4614-B58E-996BE69876B1}"
EndProject
Global
	GlobalSection(SolutionConfigurationPlatforms) = preSolution
		Debug|Any CPU = Debug|Any CPU
		Release|Any CPU = Release|Any CPU
	EndGlobalSection
	GlobalSection(ProjectConfigurationPlatforms) = postSolution
		{B0B9412E-2DF5-433F-89FA-7879F324476C}.Debug|Any CPU.ActiveCfg = Debug|Any CPU
		{B0B9412E-2DF5-433F-89FA-7879F324476C}.Debug|Any CPU.Build.0 = Debug|Any CPU
		{B0B9412E-2DF5-433F-89FA-7879F324476C}.Release|Any CPU.ActiveCfg = Release|Any CPU
		{B0B9412E-2DF5-433F-89FA-7879F324476C}.Release|Any CPU.Build.0 = Release|Any CPU
		{279F1F11-0C9E-4614-B58E-996BE69876B1}.Debug|Any CPU.ActiveCfg = Debug|Any CPU
		{279F1F11-0C9E-4614-B58E-996BE69876B1}.Debug|Any CPU.Build.0 = Debug|Any CPU
		{279F1F11-0C9E-4614-B58E-996BE69876B1}.Release|Any CPU.ActiveCfg = Release|Any CPU
		{279F1F11-0C9E-4614-B58E-996BE69876B1}.Release|Any CPU.Build.0 = Release|Any CPU
	EndGlobalSection
	GlobalSection(SolutionProperties) = preSolution
		HideSolutionNode = FALSE
	EndGlobalSection
	GlobalSection(ExtensibilityGlobals) = postSolution
		SolutionGuid = {E94A5560-9CD6-493F-A38A-92A82A7CA7F3}
	EndGlobalSection
EndGlobal
